Microsoft Visual Studio Solution File, Format Version 11.00
# Visual Studio 2008

Project("{B2174D41-A0C9-0CD6-88B2-2218F6B62890}") = "Corruptus", "Assembly-CSharp-firstpass-vs.csproj", "{AC4A7DFD-AE9C-926A-6B61-31E80AE84613}"
EndProject
Project("{B2174D41-A0C9-0CD6-88B2-2218F6B62890}") = "Corruptus", "Assembly-CSharp-vs.csproj", "{0D649340-8ECD-11F7-CC84-66A46EA6C7AE}"
EndProject
Global
	GlobalSection(SolutionConfigurationPlatforms) = preSolution
		Debug|Any CPU = Debug|Any CPU
		Release|Any CPU = Release|Any CPU
	EndGlobalSection
	GlobalSection(ProjectConfigurationPlatforms) = postSolution
		{AC4A7DFD-AE9C-926A-6B61-31E80AE84613}.Debug|Any CPU.ActiveCfg = Debug|Any CPU
		{AC4A7DFD-AE9C-926A-6B61-31E80AE84613}.Debug|Any CPU.Build.0 = Debug|Any CPU
		{AC4A7DFD-AE9C-926A-6B61-31E80AE84613}.Release|Any CPU.ActiveCfg = Release|Any CPU
		{AC4A7DFD-AE9C-926A-6B61-31E80AE84613}.Release|Any CPU.Build.0 = Release|Any CPU
		{0D649340-8ECD-11F7-CC84-66A46EA6C7AE}.Debug|Any CPU.ActiveCfg = Debug|Any CPU
		{0D649340-8ECD-11F7-CC84-66A46EA6C7AE}.Debug|Any CPU.Build.0 = Debug|Any CPU
		{0D649340-8ECD-11F7-CC84-66A46EA6C7AE}.Release|Any CPU.ActiveCfg = Release|Any CPU
		{0D649340-8ECD-11F7-CC84-66A46EA6C7AE}.Release|Any CPU.Build.0 = Release|Any CPU
	EndGlobalSection
	GlobalSection(SolutionProperties) = preSolution
		HideSolutionNode = FALSE
	EndGlobalSection
																																																									GlobalSection(MonoDevelopProperties) = preSolution
		StartupItem = Assembly-CSharp.csproj
		Policies = $0
		$0.TextStylePolicy = $1
		$1.inheritsSet = null
		$1.scope = text/x-csharp
		$0.CSharpFormattingPolicy = $2
		$2.inheritsSet = Mono
		$2.inheritsScope = text/x-csharp
		$2.scope = text/x-csharp
		$0.TextStylePolicy = $3
		$3.FileWidth = 120
		$3.TabWidth = 4
		$3.EolMarker = Unix
		$3.inheritsSet = Mono
		$3.inheritsScope = text/plain
		$3.scope = text/plain
	EndGlobalSection

EndGlobal
